
Microsoft Visual Studio Solution File, Format Version 12.00
# Visual Studio 2013
VisualStudioVersion = 12.0.30723.0
MinimumVisualStudioVersion = 10.0.40219.1
Project("{FAE04EC0-301F-11D3-BF4B-00C04F79EFBC}") = "StarBastard.Core", "StarBastard.Core\StarBastard.Core.csproj", "{0AC4B9D2-F474-440E-B0DA-032AAC9DFCFF}"
EndProject
Project("{FAE04EC0-301F-11D3-BF4B-00C04F79EFBC}") = "StarBastard.Core.Tests", "StarBastard.Core.Tests\StarBastard.Core.Tests.csproj", "{FE20265A-0334-4E92-8792-D83DC7C82C7C}"
EndProject
Project("{FAE04EC0-301F-11D3-BF4B-00C04F79EFBC}") = "StarBastard.Windows", "StarBastard.Windows\StarBastard.Windows.csproj", "{39A9AF9D-EE75-4C44-81B6-245E8BDE4B7D}"
EndProject
Project("{FAE04EC0-301F-11D3-BF4B-00C04F79EFBC}") = "StarBastard.Windows.Prototype", "StarBastard.Windows.Prototype\StarBastard.Windows.Prototype.csproj", "{27D952AF-3211-43BC-B77A-B4A952E281E5}"
EndProject
Global
	GlobalSection(SolutionConfigurationPlatforms) = preSolution
		Debug|Any CPU = Debug|Any CPU
		Release|Any CPU = Release|Any CPU
	EndGlobalSection
	GlobalSection(ProjectConfigurationPlatforms) = postSolution
		{0AC4B9D2-F474-440E-B0DA-032AAC9DFCFF}.Debug|Any CPU.ActiveCfg = Debug|Any CPU
		{0AC4B9D2-F474-440E-B0DA-032AAC9DFCFF}.Debug|Any CPU.Build.0 = Debug|Any CPU
		{0AC4B9D2-F474-440E-B0DA-032AAC9DFCFF}.Release|Any CPU.ActiveCfg = Release|Any CPU
		{0AC4B9D2-F474-440E-B0DA-032AAC9DFCFF}.Release|Any CPU.Build.0 = Release|Any CPU
		{FE20265A-0334-4E92-8792-D83DC7C82C7C}.Debug|Any CPU.ActiveCfg = Debug|Any CPU
		{FE20265A-0334-4E92-8792-D83DC7C82C7C}.Debug|Any CPU.Build.0 = Debug|Any CPU
		{FE20265A-0334-4E92-8792-D83DC7C82C7C}.Release|Any CPU.ActiveCfg = Release|Any CPU
		{FE20265A-0334-4E92-8792-D83DC7C82C7C}.Release|Any CPU.Build.0 = Release|Any CPU
		{39A9AF9D-EE75-4C44-81B6-245E8BDE4B7D}.Debug|Any CPU.ActiveCfg = Debug|Any CPU
		{39A9AF9D-EE75-4C44-81B6-245E8BDE4B7D}.Debug|Any CPU.Build.0 = Debug|Any CPU
		{39A9AF9D-EE75-4C44-81B6-245E8BDE4B7D}.Release|Any CPU.ActiveCfg = Release|Any CPU
		{39A9AF9D-EE75-4C44-81B6-245E8BDE4B7D}.Release|Any CPU.Build.0 = Release|Any CPU
		{27D952AF-3211-43BC-B77A-B4A952E281E5}.Debug|Any CPU.ActiveCfg = Debug|Any CPU
		{27D952AF-3211-43BC-B77A-B4A952E281E5}.Debug|Any CPU.Build.0 = Debug|Any CPU
		{27D952AF-3211-43BC-B77A-B4A952E281E5}.Release|Any CPU.ActiveCfg = Release|Any CPU
		{27D952AF-3211-43BC-B77A-B4A952E281E5}.Release|Any CPU.Build.0 = Release|Any CPU
	EndGlobalSection
	GlobalSection(SolutionProperties) = preSolution
		HideSolutionNode = FALSE
	EndGlobalSection
EndGlobal
